
Microsoft Visual Studio Solution File, Format Version 12.00
# Visual Studio Version 16
VisualStudioVersion = 25.0.1706.3
MinimumVisualStudioVersion = 10.0.40219.1
Project("{FAE04EC0-301F-11D3-BF4B-00C04F79EFBC}") = "NotificationChannelParser", "NotificationChannelParser\NotificationChannelParser.csproj", "{4A4BA26C-AC7D-46E9-8315-31338897D33A}"
EndProject
Global
	GlobalSection(SolutionConfigurationPlatforms) = preSolution
		Debug|Any CPU = Debug|Any CPU
		Release|Any CPU = Release|Any CPU
	EndGlobalSection
	GlobalSection(ProjectConfigurationPlatforms) = postSolution
		{4A4BA26C-AC7D-46E9-8315-31338897D33A}.Debug|Any CPU.ActiveCfg = Debug|Any CPU
		{4A4BA26C-AC7D-46E9-8315-31338897D33A}.Debug|Any CPU.Build.0 = Debug|Any CPU
		{4A4BA26C-AC7D-46E9-8315-31338897D33A}.Release|Any CPU.ActiveCfg = Release|Any CPU
		{4A4BA26C-AC7D-46E9-8315-31338897D33A}.Release|Any CPU.Build.0 = Release|Any CPU
	EndGlobalSection
	GlobalSection(SolutionProperties) = preSolution
		HideSolutionNode = FALSE
	EndGlobalSection
	GlobalSection(ExtensibilityGlobals) = postSolution
		SolutionGuid = {0E5CD527-2A65-4227-B53D-7DA0819B7E72}
	EndGlobalSection
EndGlobal
